// !$*UTF8*$!
{
	archiveVersion = 1;
	classes = {
	};
	objectVersion = 46;
	objects = {

/* Begin PBXBuildFile section */
		1827C9671C883F130059C167 /* UIKit.framework in Frameworks */ = {isa = PBXBuildFile; fileRef = 1827C9661C883F130059C167 /* UIKit.framework */; };
		1827C9781C8845CA0059C167 /* AppDelegate.m in Sources */ = {isa = PBXBuildFile; fileRef = 1827C96F1C8845CA0059C167 /* AppDelegate.m */; };
		1827C9791C8845CA0059C167 /* UIImage+rendWithOriginal.m in Sources */ = {isa = PBXBuildFile; fileRef = 1827C9721C8845CA0059C167 /* UIImage+rendWithOriginal.m */; };
		1827C97A1C8845CA0059C167 /* MaTabBarController.m in Sources */ = {isa = PBXBuildFile; fileRef = 1827C9751C8845CA0059C167 /* MaTabBarController.m */; };
		1827C97B1C8845CA0059C167 /* main.m in Sources */ = {isa = PBXBuildFile; fileRef = 1827C9761C8845CA0059C167 /* main.m */; };
		1827C9851C88461F0059C167 /* active@2x.png in Resources */ = {isa = PBXBuildFile; fileRef = 1827C97D1C88461F0059C167 /* active@2x.png */; };
		1827C9861C88461F0059C167 /* active_h@2x.png in Resources */ = {isa = PBXBuildFile; fileRef = 1827C97E1C88461F0059C167 /* active_h@2x.png */; };
		1827C9871C88461F0059C167 /* choiceness@2x.png in Resources */ = {isa = PBXBuildFile; fileRef = 1827C97F1C88461F0059C167 /* choiceness@2x.png */; };
		1827C9881C88461F0059C167 /* choiceness_h@2x.png in Resources */ = {isa = PBXBuildFile; fileRef = 1827C9801C88461F0059C167 /* choiceness_h@2x.png */; };
		1827C9891C88461F0059C167 /* home@2x.png in Resources */ = {isa = PBXBuildFile; fileRef = 1827C9811C88461F0059C167 /* home@2x.png */; };
		1827C98A1C88461F0059C167 /* home_h@2x.png in Resources */ = {isa = PBXBuildFile; fileRef = 1827C9821C88461F0059C167 /* home_h@2x.png */; };
		1827C98B1C88461F0059C167 /* mine@2x.png in Resources */ = {isa = PBXBuildFile; fileRef = 1827C9831C88461F0059C167 /* mine@2x.png */; };
		1827C98C1C88461F0059C167 /* mine_h@2x.png in Resources */ = {isa = PBXBuildFile; fileRef = 1827C9841C88461F0059C167 /* mine_h@2x.png */; };
		183AC68B1C88282C00093FC9 /* Assets.xcassets in Resources */ = {isa = PBXBuildFile; fileRef = 183AC68A1C88282C00093FC9 /* Assets.xcassets */; };
		183AC68E1C88282C00093FC9 /* LaunchScreen.storyboard in Resources */ = {isa = PBXBuildFile; fileRef = 183AC68C1C88282C00093FC9 /* LaunchScreen.storyboard */; };
		1875F1ED1C8855BF008963CB /* MaNavigationViewController.m in Sources */ = {isa = PBXBuildFile; fileRef = 1875F1EC1C8855BF008963CB /* MaNavigationViewController.m */; };
		1875F1F11C88579B008963CB /* MaNewFeatureViewController.m in Sources */ = {isa = PBXBuildFile; fileRef = 1875F1F01C88579B008963CB /* MaNewFeatureViewController.m */; };
		1875F1F41C885F2D008963CB /* MaCollectionViewCell.m in Sources */ = {isa = PBXBuildFile; fileRef = 1875F1F31C885F2D008963CB /* MaCollectionViewCell.m */; };
		1875F1F91C8860D1008963CB /* LaunchImage-1-667h@2x.jpg in Resources */ = {isa = PBXBuildFile; fileRef = 1875F1F61C8860D1008963CB /* LaunchImage-1-667h@2x.jpg */; };
		1875F1FA1C8860D1008963CB /* LaunchImage-2-667h@2x.jpg in Resources */ = {isa = PBXBuildFile; fileRef = 1875F1F71C8860D1008963CB /* LaunchImage-2-667h@2x.jpg */; };
		1875F1FB1C8860D1008963CB /* LaunchImage-3-667h@2x.jpg in Resources */ = {isa = PBXBuildFile; fileRef = 1875F1F81C8860D1008963CB /* LaunchImage-3-667h@2x.jpg */; };
		1875F1FD1C888B3C008963CB /* personal_login_btn_bg@2x.png in Resources */ = {isa = PBXBuildFile; fileRef = 1875F1FC1C888B3C008963CB /* personal_login_btn_bg@2x.png */; };
		18DB7CAE1C88476F008BFDCE /* MaHomeTableViewController.m in Sources */ = {isa = PBXBuildFile; fileRef = 18DB7CAD1C88476F008BFDCE /* MaHomeTableViewController.m */; };
		18DB7CB11C88479B008BFDCE /* MaDiscoverTableViewController.m in Sources */ = {isa = PBXBuildFile; fileRef = 18DB7CB01C88479B008BFDCE /* MaDiscoverTableViewController.m */; };
		18DB7CB41C8847AF008BFDCE /* MaActiveTableViewController.m in Sources */ = {isa = PBXBuildFile; fileRef = 18DB7CB31C8847AF008BFDCE /* MaActiveTableViewController.m */; };
		18DB7CB71C8847BE008BFDCE /* MaProfileTableViewController.m in Sources */ = {isa = PBXBuildFile; fileRef = 18DB7CB61C8847BE008BFDCE /* MaProfileTableViewController.m */; };
/* End PBXBuildFile section */

/* Begin PBXFileReference section */
		1827C9661C883F130059C167 /* UIKit.framework */ = {isa = PBXFileReference; lastKnownFileType = wrapper.framework; name = UIKit.framework; path = System/Library/Frameworks/UIKit.framework; sourceTree = SDKROOT; };
		1827C96E1C8845CA0059C167 /* AppDelegate.h */ = {isa = PBXFileReference; fileEncoding = 4; lastKnownFileType = sourcecode.c.h; path = AppDelegate.h; sourceTree = "<group>"; };
		1827C96F1C8845CA0059C167 /* AppDelegate.m */ = {isa = PBXFileReference; fileEncoding = 4; lastKnownFileType = sourcecode.c.objc; path = AppDelegate.m; sourceTree = "<group>"; };
		1827C9711C8845CA0059C167 /* UIImage+rendWithOriginal.h */ = {isa = PBXFileReference; fileEncoding = 4; lastKnownFileType = sourcecode.c.h; path = "UIImage+rendWithOriginal.h"; sourceTree = "<group>"; };
		1827C9721C8845CA0059C167 /* UIImage+rendWithOriginal.m */ = {isa = PBXFileReference; fileEncoding = 4; lastKnownFileType = sourcecode.c.objc; path = "UIImage+rendWithOriginal.m"; sourceTree = "<group>"; };
		1827C9741C8845CA0059C167 /* MaTabBarController.h */ = {isa = PBXFileReference; fileEncoding = 4; lastKnownFileType = sourcecode.c.h; path = MaTabBarController.h; sourceTree = "<group>"; };
		1827C9751C8845CA0059C167 /* MaTabBarController.m */ = {isa = PBXFileReference; fileEncoding = 4; lastKnownFileType = sourcecode.c.objc; path = MaTabBarController.m; sourceTree = "<group>"; };
		1827C9761C8845CA0059C167 /* main.m */ = {isa = PBXFileReference; fileEncoding = 4; lastKnownFileType = sourcecode.c.objc; path = main.m; sourceTree = "<group>"; };
		1827C97D1C88461F0059C167 /* active@2x.png */ = {isa = PBXFileReference; lastKnownFileType = image.png; path = "active@2x.png"; sourceTree = "<group>"; };
		1827C97E1C88461F0059C167 /* active_h@2x.png */ = {isa = PBXFileReference; lastKnownFileType = image.png; path = "active_h@2x.png"; sourceTree = "<group>"; };
		1827C97F1C88461F0059C167 /* choiceness@2x.png */ = {isa = PBXFileReference; lastKnownFileType = image.png; path = "choiceness@2x.png"; sourceTree = "<group>"; };
		1827C9801C88461F0059C167 /* choiceness_h@2x.png */ = {isa = PBXFileReference; lastKnownFileType = image.png; path = "choiceness_h@2x.png"; sourceTree = "<group>"; };
		1827C9811C88461F0059C167 /* home@2x.png */ = {isa = PBXFileReference; lastKnownFileType = image.png; path = "home@2x.png"; sourceTree = "<group>"; };
		1827C9821C88461F0059C167 /* home_h@2x.png */ = {isa = PBXFileReference; lastKnownFileType = image.png; path = "home_h@2x.png"; sourceTree = "<group>"; };
		1827C9831C88461F0059C167 /* mine@2x.png */ = {isa = PBXFileReference; lastKnownFileType = image.png; path = "mine@2x.png"; sourceTree = "<group>"; };
		1827C9841C88461F0059C167 /* mine_h@2x.png */ = {isa = PBXFileReference; lastKnownFileType = image.png; path = "mine_h@2x.png"; sourceTree = "<group>"; };
		183AC67B1C88282C00093FC9 /* My108day.app */ = {isa = PBXFileReference; explicitFileType = wrapper.application; includeInIndex = 0; path = My108day.app; sourceTree = BUILT_PRODUCTS_DIR; };
		183AC68A1C88282C00093FC9 /* Assets.xcassets */ = {isa = PBXFileReference; lastKnownFileType = folder.assetcatalog; path = Assets.xcassets; sourceTree = "<group>"; };
		183AC68D1C88282C00093FC9 /* Base */ = {isa = PBXFileReference; lastKnownFileType = file.storyboard; name = Base; path = Base.lproj/LaunchScreen.storyboard; sourceTree = "<group>"; };
		183AC68F1C88282C00093FC9 /* Info.plist */ = {isa = PBXFileReference; lastKnownFileType = text.plist.xml; path = Info.plist; sourceTree = "<group>"; };
		1875F1EB1C8855BF008963CB /* MaNavigationViewController.h */ = {isa = PBXFileReference; fileEncoding = 4; lastKnownFileType = sourcecode.c.h; path = MaNavigationViewController.h; sourceTree = "<group>"; };
		1875F1EC1C8855BF008963CB /* MaNavigationViewController.m */ = {isa = PBXFileReference; fileEncoding = 4; lastKnownFileType = sourcecode.c.objc; path = MaNavigationViewController.m; sourceTree = "<group>"; };
		1875F1EF1C88579B008963CB /* MaNewFeatureViewController.h */ = {isa = PBXFileReference; fileEncoding = 4; lastKnownFileType = sourcecode.c.h; path = MaNewFeatureViewController.h; sourceTree = "<group>"; };
		1875F1F01C88579B008963CB /* MaNewFeatureViewController.m */ = {isa = PBXFileReference; fileEncoding = 4; lastKnownFileType = sourcecode.c.objc; path = MaNewFeatureViewController.m; sourceTree = "<group>"; };
		1875F1F21C885F2D008963CB /* MaCollectionViewCell.h */ = {isa = PBXFileReference; fileEncoding = 4; lastKnownFileType = sourcecode.c.h; path = MaCollectionViewCell.h; sourceTree = "<group>"; };
		1875F1F31C885F2D008963CB /* MaCollectionViewCell.m */ = {isa = PBXFileReference; fileEncoding = 4; lastKnownFileType = sourcecode.c.objc; path = MaCollectionViewCell.m; sourceTree = "<group>"; };
		1875F1F61C8860D1008963CB /* LaunchImage-1-667h@2x.jpg */ = {isa = PBXFileReference; lastKnownFileType = image.jpeg; path = "LaunchImage-1-667h@2x.jpg"; sourceTree = "<group>"; };
		1875F1F71C8860D1008963CB /* LaunchImage-2-667h@2x.jpg */ = {isa = PBXFileReference; lastKnownFileType = image.jpeg; path = "LaunchImage-2-667h@2x.jpg"; sourceTree = "<group>"; };
		1875F1F81C8860D1008963CB /* LaunchImage-3-667h@2x.jpg */ = {isa = PBXFileReference; lastKnownFileType = image.jpeg; path = "LaunchImage-3-667h@2x.jpg"; sourceTree = "<group>"; };
		1875F1FC1C888B3C008963CB /* personal_login_btn_bg@2x.png */ = {isa = PBXFileReference; lastKnownFileType = image.png; path = "personal_login_btn_bg@2x.png"; sourceTree = "<group>"; };
		18DB7CAC1C88476F008BFDCE /* MaHomeTableViewController.h */ = {isa = PBXFileReference; fileEncoding = 4; lastKnownFileType = sourcecode.c.h; path = MaHomeTableViewController.h; sourceTree = "<group>"; };
		18DB7CAD1C88476F008BFDCE /* MaHomeTableViewController.m */ = {isa = PBXFileReference; fileEncoding = 4; lastKnownFileType = sourcecode.c.objc; path = MaHomeTableViewController.m; sourceTree = "<group>"; };
		18DB7CAF1C88479B008BFDCE /* MaDiscoverTableViewController.h */ = {isa = PBXFileReference; fileEncoding = 4; lastKnownFileType = sourcecode.c.h; path = MaDiscoverTableViewController.h; sourceTree = "<group>"; };
		18DB7CB01C88479B008BFDCE /* MaDiscoverTableViewController.m */ = {isa = PBXFileReference; fileEncoding = 4; lastKnownFileType = sourcecode.c.objc; path = MaDiscoverTableViewController.m; sourceTree = "<group>"; };
		18DB7CB21C8847AF008BFDCE /* MaActiveTableViewController.h */ = {isa = PBXFileReference; fileEncoding = 4; lastKnownFileType = sourcecode.c.h; path = MaActiveTableViewController.h; sourceTree = "<group>"; };
		18DB7CB31C8847AF008BFDCE /* MaActiveTableViewController.m */ = {isa = PBXFileReference; fileEncoding = 4; lastKnownFileType = sourcecode.c.objc; path = MaActiveTableViewController.m; sourceTree = "<group>"; };
		18DB7CB51C8847BE008BFDCE /* MaProfileTableViewController.h */ = {isa = PBXFileReference; fileEncoding = 4; lastKnownFileType = sourcecode.c.h; path = MaProfileTableViewController.h; sourceTree = "<group>"; };
		18DB7CB61C8847BE008BFDCE /* MaProfileTableViewController.m */ = {isa = PBXFileReference; fileEncoding = 4; lastKnownFileType = sourcecode.c.objc; path = MaProfileTableViewController.m; sourceTree = "<group>"; };
/* End PBXFileReference section */

/* Begin PBXFrameworksBuildPhase section */
		183AC6781C88282C00093FC9 /* Frameworks */ = {
			isa = PBXFrameworksBuildPhase;
			buildActionMask = 2147483647;
			files = (
				1827C9671C883F130059C167 /* UIKit.framework in Frameworks */,
			);
			runOnlyForDeploymentPostprocessing = 0;
		};
/* End PBXFrameworksBuildPhase section */

/* Begin PBXGroup section */
		1827C9521C8833AC0059C167 /* image */ = {
			isa = PBXGroup;
			children = (
				1875F1FC1C888B3C008963CB /* personal_login_btn_bg@2x.png */,
				1875F1F51C8860D1008963CB /* newFeature */,
				1827C97C1C88461F0059C167 /* tabBar */,
			);
			path = image;
			sourceTree = "<group>";
		};
		1827C9681C8845CA0059C167 /* classes */ = {
			isa = PBXGroup;
			children = (
				1875F1EE1C88576E008963CB /* NewFeature */,
				1827C96B1C8845CA0059C167 /* home */,
				1827C96A1C8845CA0059C167 /* discover */,
				1827C9691C8845CA0059C167 /* active */,
				1827C9771C8845CA0059C167 /* profile */,
				1827C96C1C8845CA0059C167 /* main */,
				1827C96D1C8845CA0059C167 /* other */,
			);
			path = classes;
			sourceTree = "<group>";
		};
		1827C9691C8845CA0059C167 /* active */ = {
			isa = PBXGroup;
			children = (
				18DB7CB21C8847AF008BFDCE /* MaActiveTableViewController.h */,
				18DB7CB31C8847AF008BFDCE /* MaActiveTableViewController.m */,
			);
			path = active;
			sourceTree = "<group>";
		};
		1827C96A1C8845CA0059C167 /* discover */ = {
			isa = PBXGroup;
			children = (
				18DB7CAF1C88479B008BFDCE /* MaDiscoverTableViewController.h */,
				18DB7CB01C88479B008BFDCE /* MaDiscoverTableViewController.m */,
			);
			path = discover;
			sourceTree = "<group>";
		};
		1827C96B1C8845CA0059C167 /* home */ = {
			isa = PBXGroup;
			children = (
				18DB7CAC1C88476F008BFDCE /* MaHomeTableViewController.h */,
				18DB7CAD1C88476F008BFDCE /* MaHomeTableViewController.m */,
			);
			path = home;
			sourceTree = "<group>";
		};
		1827C96C1C8845CA0059C167 /* main */ = {
			isa = PBXGroup;
			children = (
			);
			path = main;
			sourceTree = "<group>";
		};
		1827C96D1C8845CA0059C167 /* other */ = {
			isa = PBXGroup;
			children = (
				1827C96E1C8845CA0059C167 /* AppDelegate.h */,
				1827C96F1C8845CA0059C167 /* AppDelegate.m */,
				1827C9731C8845CA0059C167 /* controller */,
				1827C9701C8845CA0059C167 /* category */,
				1827C9761C8845CA0059C167 /* main.m */,
			);
			path = other;
			sourceTree = "<group>";
		};
		1827C9701C8845CA0059C167 /* category */ = {
			isa = PBXGroup;
			children = (
				1827C9711C8845CA0059C167 /* UIImage+rendWithOriginal.h */,
				1827C9721C8845CA0059C167 /* UIImage+rendWithOriginal.m */,
			);
			path = category;
			sourceTree = "<group>";
		};
		1827C9731C8845CA0059C167 /* controller */ = {
			isa = PBXGroup;
			children = (
				1827C9741C8845CA0059C167 /* MaTabBarController.h */,
				1827C9751C8845CA0059C167 /* MaTabBarController.m */,
				1875F1EB1C8855BF008963CB /* MaNavigationViewController.h */,
				1875F1EC1C8855BF008963CB /* MaNavigationViewController.m */,
			);
			path = controller;
			sourceTree = "<group>";
		};
		1827C9771C8845CA0059C167 /* profile */ = {
			isa = PBXGroup;
			children = (
				18DB7CB51C8847BE008BFDCE /* MaProfileTableViewController.h */,
				18DB7CB61C8847BE008BFDCE /* MaProfileTableViewController.m */,
			);
			path = profile;
			sourceTree = "<group>";
		};
		1827C97C1C88461F0059C167 /* tabBar */ = {
			isa = PBXGroup;
			children = (
				1827C97D1C88461F0059C167 /* active@2x.png */,
				1827C97E1C88461F0059C167 /* active_h@2x.png */,
				1827C97F1C88461F0059C167 /* choiceness@2x.png */,
				1827C9801C88461F0059C167 /* choiceness_h@2x.png */,
				1827C9811C88461F0059C167 /* home@2x.png */,
				1827C9821C88461F0059C167 /* home_h@2x.png */,
				1827C9831C88461F0059C167 /* mine@2x.png */,
				1827C9841C88461F0059C167 /* mine_h@2x.png */,
			);
			path = tabBar;
			sourceTree = "<group>";
		};
		183AC6721C88282B00093FC9 = {
			isa = PBXGroup;
			children = (
				1827C9661C883F130059C167 /* UIKit.framework */,
				183AC67D1C88282C00093FC9 /* My108day */,
				183AC67C1C88282C00093FC9 /* Products */,
			);
			sourceTree = "<group>";
		};
		183AC67C1C88282C00093FC9 /* Products */ = {
			isa = PBXGroup;
			children = (
				183AC67B1C88282C00093FC9 /* My108day.app */,
			);
			name = Products;
			sourceTree = "<group>";
		};
		183AC67D1C88282C00093FC9 /* My108day */ = {
			isa = PBXGroup;
			children = (
				1827C9681C8845CA0059C167 /* classes */,
				183AC68A1C88282C00093FC9 /* Assets.xcassets */,
				183AC68C1C88282C00093FC9 /* LaunchScreen.storyboard */,
				183AC68F1C88282C00093FC9 /* Info.plist */,
				183AC67E1C88282C00093FC9 /* Supporting Files */,
			);
			path = My108day;
			sourceTree = "<group>";
		};
		183AC67E1C88282C00093FC9 /* Supporting Files */ = {
			isa = PBXGroup;
			children = (
				1827C9521C8833AC0059C167 /* image */,
			);
			name = "Supporting Files";
			sourceTree = "<group>";
		};
		1875F1EE1C88576E008963CB /* NewFeature */ = {
			isa = PBXGroup;
			children = (
				1875F1EF1C88579B008963CB /* MaNewFeatureViewController.h */,
				1875F1F01C88579B008963CB /* MaNewFeatureViewController.m */,
				1875F1F21C885F2D008963CB /* MaCollectionViewCell.h */,
				1875F1F31C885F2D008963CB /* MaCollectionViewCell.m */,
			);
			path = NewFeature;
			sourceTree = "<group>";
		};
		1875F1F51C8860D1008963CB /* newFeature */ = {
			isa = PBXGroup;
			children = (
				1875F1F61C8860D1008963CB /* LaunchImage-1-667h@2x.jpg */,
				1875F1F71C8860D1008963CB /* LaunchImage-2-667h@2x.jpg */,
				1875F1F81C8860D1008963CB /* LaunchImage-3-667h@2x.jpg */,
			);
			path = newFeature;
			sourceTree = "<group>";
		};
/* End PBXGroup section */

/* Begin PBXNativeTarget section */
		183AC67A1C88282C00093FC9 /* My108day */ = {
			isa = PBXNativeTarget;
			buildConfigurationList = 183AC6921C88282C00093FC9 /* Build configuration list for PBXNativeTarget "My108day" */;
			buildPhases = (
				183AC6771C88282C00093FC9 /* Sources */,
				183AC6781C88282C00093FC9 /* Frameworks */,
				183AC6791C88282C00093FC9 /* Resources */,
			);
			buildRules = (
			);
			dependencies = (
			);
			name = My108day;
			productName = My108day;
			productReference = 183AC67B1C88282C00093FC9 /* My108day.app */;
			productType = "com.apple.product-type.application";
		};
/* End PBXNativeTarget section */

/* Begin PBXProject section */
		183AC6731C88282B00093FC9 /* Project object */ = {
			isa = PBXProject;
			attributes = {
				CLASSPREFIX = Ma;
				LastUpgradeCheck = 0720;
				ORGANIZATIONNAME = apple;
				TargetAttributes = {
					183AC67A1C88282C00093FC9 = {
						CreatedOnToolsVersion = 7.2;
					};
				};
			};
			buildConfigurationList = 183AC6761C88282B00093FC9 /* Build configuration list for PBXProject "My108day" */;
			compatibilityVersion = "Xcode 3.2";
			developmentRegion = English;
			hasScannedForEncodings = 0;
			knownRegions = (
				en,
				Base,
			);
			mainGroup = 183AC6721C88282B00093FC9;
			productRefGroup = 183AC67C1C88282C00093FC9 /* Products */;
			projectDirPath = "";
			projectRoot = "";
			targets = (
				183AC67A1C88282C00093FC9 /* My108day */,
			);
		};
/* End PBXProject section */

/* Begin PBXResourcesBuildPhase section */
		183AC6791C88282C00093FC9 /* Resources */ = {
			isa = PBXResourcesBuildPhase;
			buildActionMask = 2147483647;
			files = (
				1875F1FD1C888B3C008963CB /* personal_login_btn_bg@2x.png in Resources */,
				1827C9871C88461F0059C167 /* choiceness@2x.png in Resources */,
				1875F1FB1C8860D1008963CB /* LaunchImage-3-667h@2x.jpg in Resources */,
				1827C9881C88461F0059C167 /* choiceness_h@2x.png in Resources */,
				1827C98B1C88461F0059C167 /* mine@2x.png in Resources */,
				1827C98A1C88461F0059C167 /* home_h@2x.png in Resources */,
				1875F1F91C8860D1008963CB /* LaunchImage-1-667h@2x.jpg in Resources */,
				183AC68E1C88282C00093FC9 /* LaunchScreen.storyboard in Resources */,
				183AC68B1C88282C00093FC9 /* Assets.xcassets in Resources */,
				1827C9851C88461F0059C167 /* active@2x.png in Resources */,
				1827C9891C88461F0059C167 /* home@2x.png in Resources */,
				1827C98C1C88461F0059C167 /* mine_h@2x.png in Resources */,
				1827C9861C88461F0059C167 /* active_h@2x.png in Resources */,
				1875F1FA1C8860D1008963CB /* LaunchImage-2-667h@2x.jpg in Resources */,
			);
			runOnlyForDeploymentPostprocessing = 0;
		};
/* End PBXResourcesBuildPhase section */

/* Begin PBXSourcesBuildPhase section */
		183AC6771C88282C00093FC9 /* Sources */ = {
			isa = PBXSourcesBuildPhase;
			buildActionMask = 2147483647;
			files = (
				18DB7CB41C8847AF008BFDCE /* MaActiveTableViewController.m in Sources */,
				18DB7CB11C88479B008BFDCE /* MaDiscoverTableViewController.m in Sources */,
				1827C97A1C8845CA0059C167 /* MaTabBarController.m in Sources */,
				1827C9781C8845CA0059C167 /* AppDelegate.m in Sources */,
				1875F1ED1C8855BF008963CB /* MaNavigationViewController.m in Sources */,
				1827C97B1C8845CA0059C167 /* main.m in Sources */,
				18DB7CAE1C88476F008BFDCE /* MaHomeTableViewController.m in Sources */,
				1827C9791C8845CA0059C167 /* UIImage+rendWithOriginal.m in Sources */,
				1875F1F11C88579B008963CB /* MaNewFeatureViewController.m in Sources */,
				1875F1F41C885F2D008963CB /* MaCollectionViewCell.m in Sources */,
				18DB7CB71C8847BE008BFDCE /* MaProfileTableViewController.m in Sources */,
			);
			runOnlyForDeploymentPostprocessing = 0;
		};
/* End PBXSourcesBuildPhase section */

/* Begin PBXVariantGroup section */
		183AC68C1C88282C00093FC9 /* LaunchScreen.storyboard */ = {
			isa = PBXVariantGroup;
			children = (
				183AC68D1C88282C00093FC9 /* Base */,
			);
			name = LaunchScreen.storyboard;
			sourceTree = "<group>";
		};
/* End PBXVariantGroup section */

/* Begin XCBuildConfiguration section */
		183AC6901C88282C00093FC9 /* Debug */ = {
			isa = XCBuildConfiguration;
			buildSettings = {
				ALWAYS_SEARCH_USER_PATHS = NO;
				CLANG_CXX_LANGUAGE_STANDARD = "gnu++0x";
				CLANG_CXX_LIBRARY = "libc++";
				CLANG_ENABLE_MODULES = YES;
				CLANG_ENABLE_OBJC_ARC = YES;
				CLANG_WARN_BOOL_CONVERSION = YES;
				CLANG_WARN_CONSTANT_CONVERSION = YES;
				CLANG_WARN_DIRECT_OBJC_ISA_USAGE = YES_ERROR;
				CLANG_WARN_EMPTY_BODY = YES;
				CLANG_WARN_ENUM_CONVERSION = YES;
				CLANG_WARN_INT_CONVERSION = YES;
				CLANG_WARN_OBJC_ROOT_CLASS = YES_ERROR;
				CLANG_WARN_UNREACHABLE_CODE = YES;
				CLANG_WARN__DUPLICATE_METHOD_MATCH = YES;
				"CODE_SIGN_IDENTITY[sdk=iphoneos*]" = "iPhone Developer";
				COPY_PHASE_STRIP = NO;
				DEBUG_INFORMATION_FORMAT = dwarf;
				ENABLE_STRICT_OBJC_MSGSEND = YES;
				ENABLE_TESTABILITY = YES;
				GCC_C_LANGUAGE_STANDARD = gnu99;
				GCC_DYNAMIC_NO_PIC = NO;
				GCC_NO_COMMON_BLOCKS = YES;
				GCC_OPTIMIZATION_LEVEL = 0;
				GCC_PREPROCESSOR_DEFINITIONS = (
					"DEBUG=1",
					"$(inherited)",
				);
				GCC_WARN_64_TO_32_BIT_CONVERSION = YES;
				GCC_WARN_ABOUT_RETURN_TYPE = YES_ERROR;
				GCC_WARN_UNDECLARED_SELECTOR = YES;
				GCC_WARN_UNINITIALIZED_AUTOS = YES_AGGRESSIVE;
				GCC_WARN_UNUSED_FUNCTION = YES;
				GCC_WARN_UNUSED_VARIABLE = YES;
				IPHONEOS_DEPLOYMENT_TARGET = 9.2;
				MTL_ENABLE_DEBUG_INFO = YES;
				ONLY_ACTIVE_ARCH = YES;
				SDKROOT = iphoneos;
			};
			name = Debug;
		};
		183AC6911C88282C00093FC9 /* Release */ = {
			isa = XCBuildConfiguration;
			buildSettings = {
				ALWAYS_SEARCH_USER_PATHS = NO;
				CLANG_CXX_LANGUAGE_STANDARD = "gnu++0x";
				CLANG_CXX_LIBRARY = "libc++";
				CLANG_ENABLE_MODULES = YES;
				CLANG_ENABLE_OBJC_ARC = YES;
				CLANG_WARN_BOOL_CONVERSION = YES;
				CLANG_WARN_CONSTANT_CONVERSION = YES;
				CLANG_WARN_DIRECT_OBJC_ISA_USAGE = YES_ERROR;
				CLANG_WARN_EMPTY_BODY = YES;
				CLANG_WARN_ENUM_CONVERSION = YES;
				CLANG_WARN_INT_CONVERSION = YES;
				CLANG_WARN_OBJC_ROOT_CLASS = YES_ERROR;
				CLANG_WARN_UNREACHABLE_CODE = YES;
				CLANG_WARN__DUPLICATE_METHOD_MATCH = YES;
				"CODE_SIGN_IDENTITY[sdk=iphoneos*]" = "iPhone Developer";
				COPY_PHASE_STRIP = NO;
				DEBUG_INFORMATION_FORMAT = "dwarf-with-dsym";
				ENABLE_NS_ASSERTIONS = NO;
				ENABLE_STRICT_OBJC_MSGSEND = YES;
				GCC_C_LANGUAGE_STANDARD = gnu99;
				GCC_NO_COMMON_BLOCKS = YES;
				GCC_WARN_64_TO_32_BIT_CONVERSION = YES;
				GCC_WARN_ABOUT_RETURN_TYPE = YES_ERROR;
				GCC_WARN_UNDECLARED_SELECTOR = YES;
				GCC_WARN_UNINITIALIZED_AUTOS = YES_AGGRESSIVE;
				GCC_WARN_UNUSED_FUNCTION = YES;
				GCC_WARN_UNUSED_VARIABLE = YES;
				IPHONEOS_DEPLOYMENT_TARGET = 9.2;
				MTL_ENABLE_DEBUG_INFO = NO;
				SDKROOT = iphoneos;
				VALIDATE_PRODUCT = YES;
			};
			name = Release;
		};
		183AC6931C88282C00093FC9 /* Debug */ = {
			isa = XCBuildConfiguration;
			buildSettings = {
				ASSETCATALOG_COMPILER_APPICON_NAME = AppIcon;
				ASSETCATALOG_COMPILER_LAUNCHIMAGE_NAME = "Brand Assets";
				INFOPLIST_FILE = My108day/Info.plist;
				IPHONEOS_DEPLOYMENT_TARGET = 8.1;
				LD_RUNPATH_SEARCH_PATHS = "$(inherited) @executable_path/Frameworks";
				PRODUCT_BUNDLE_IDENTIFIER = cn.it.My108day;
				PRODUCT_NAME = "$(TARGET_NAME)";
			};
			name = Debug;
		};
		183AC6941C88282C00093FC9 /* Release */ = {
			isa = XCBuildConfiguration;
			buildSettings = {
				ASSETCATALOG_COMPILER_APPICON_NAME = AppIcon;
				ASSETCATALOG_COMPILER_LAUNCHIMAGE_NAME = "Brand Assets";
				INFOPLIST_FILE = My108day/Info.plist;
				IPHONEOS_DEPLOYMENT_TARGET = 8.1;
				LD_RUNPATH_SEARCH_PATHS = "$(inherited) @executable_path/Frameworks";
				PRODUCT_BUNDLE_IDENTIFIER = cn.it.My108day;
				PRODUCT_NAME = "$(TARGET_NAME)";
			};
			name = Release;
		};
/* End XCBuildConfiguration section */

/* Begin XCConfigurationList section */
		183AC6761C88282B00093FC9 /* Build configuration list for PBXProject "My108day" */ = {
			isa = XCConfigurationList;
			buildConfigurations = (
				183AC6901C88282C00093FC9 /* Debug */,
				183AC6911C88282C00093FC9 /* Release */,
			);
			defaultConfigurationIsVisible = 0;
			defaultConfigurationName = Release;
		};
		183AC6921C88282C00093FC9 /* Build configuration list for PBXNativeTarget "My108day" */ = {
			isa = XCConfigurationList;
			buildConfigurations = (
				183AC6931C88282C00093FC9 /* Debug */,
				183AC6941C88282C00093FC9 /* Release */,
			);
			defaultConfigurationIsVisible = 0;
			defaultConfigurationName = Release;
		};
/* End XCConfigurationList section */
	};
	rootObject = 183AC6731C88282B00093FC9 /* Project object */;
}
